{
  "version": 4,
  "terraform_version": "1.14.0",
  "serial": 6,
  "lineage": "41128bbd-6aca-06f8-4e18-61b513dadfe3",
  "outputs": {
    "cluster_endpoint": {
      "value": "https://BDA474D02366CE89A225A24468F864C9.gr7.us-east-1.eks.amazonaws.com",
      "type": "string"
    },
    "cluster_name": {
      "value": "mykubernetes",
      "type": "string"
    },
    "cluster_role_arn": {
      "value": "arn:aws:iam::977200837998:role/LabRole",
      "type": "string"
    }
  },
  "resources": [
    {
      "mode": "managed",
      "type": "aws_eks_cluster",
      "name": "my_cluster",
      "provider": "provider[\"registry.terraform.io/hashicorp/aws\"]",
      "instances": [
        {
          "schema_version": 1,
          "attributes": {
            "access_config": [
              {
                "authentication_mode": "CONFIG_MAP",
                "bootstrap_cluster_creator_admin_permissions": true
              }
            ],
            "arn": "arn:aws:eks:us-east-1:977200837998:cluster/mykubernetes",
            "bootstrap_self_managed_addons": true,
            "certificate_authority": [
              {
                "data": "LS0tLS1CRUdJTiBDRVJUSUZJQ0FURS0tLS0tCk1JSURCVENDQWUyZ0F3SUJBZ0lJZUttd1pha2RVSW93RFFZSktvWklodmNOQVFFTEJRQXdGVEVUTUJFR0ExVUUKQXhNS2EzVmlaWEp1WlhSbGN6QWVGdzB5TlRFeE1qZ3dPRFEyTVRaYUZ3MHpOVEV4TWpZd09EVXhNVFphTUJVeApFekFSQmdOVkJBTVRDbXQxWW1WeWJtVjBaWE13Z2dFaU1BMEdDU3FHU0liM0RRRUJBUVVBQTRJQkR3QXdnZ0VLCkFvSUJBUUR4ZWw5VDN0SEtWU0l0RkJPZVphMlErYndTWWJhdE5kNXZQbXdheWQrOWVFOFRBMDNXZ0QxV3RqMkkKTWlmWkErYU1mSElEVXZoeHlLcXFpVEVyNmkrQU8rdGpnZWtRemZMdVBmeWFLQmV3OFg2d3ZodytobU84UDV1TgpZTnlLcjZGZ2lUWVVLbWdtaThqREJSelhWWWoyQy9qcHlPbGo1L2M5S1p2RmlrYVYwTmpPVHpQdWUxRmt0dlpZCjhSb3BPWWhrOURBR1p6MHFuM3NQQlUzVWZGME0rUnZ2NXcraFNlRzJNZ0Fxc3h0M3AyeGtFUS9vTk1JYW5WVGsKMXEwdEQ3S3E1RkJ6RExIa0crby9TNC9iVTBjbHBMOERCOVNaWWpUYVhpbVgrQThzWHJaQWErQjlud2NicEhieQpKNVY3SHVxZURFSW14a3BJbEdlSk5yamRLWEZGQWdNQkFBR2pXVEJYTUE0R0ExVWREd0VCL3dRRUF3SUNwREFQCkJnTlZIUk1CQWY4RUJUQURBUUgvTUIwR0ExVWREZ1FXQkJUeUdsQWVoRGQvU2RHR0tqUnoyNTZNSVRYbmxEQVYKQmdOVkhSRUVEakFNZ2dwcmRXSmxjbTVsZEdWek1BMEdDU3FHU0liM0RRRUJDd1VBQTRJQkFRQmpzNTd1UUIwbApFckptVHlkT2NPSU50WnRuS3NacGNKLzdiSm5YSFhoQkl2MVJnUTkxN2c1SVJ5QUpaTDkvWE5CZmpPQWNJLy96Ci8xZUF0b3lnd3lyV3dSMElNdTRZTGpLaXJFd0tiZk9FWkl4TExzVmNlY2pqWG1JMm9QbEdWemJtTUN2SXlzYnIKVDQrKy8vT2JIWEVvNUhPTE9jeG1yMDI4QUxJQk15eHVHVkFPSzE5eHlSblBFVXcreTluYkp2ZllyeUdCUUpkdwpxYkxwYm5KSklQMDVEaU42WnF1bkZHcUFLV2N4M1BQVTMrMThXbFNRYWI1RTA4YVlET0hNZVlackF1WmxLM1ZXClg5S1hJZDc0dS9ud1dGc1lIMnkrRmJJejZ4bEtBaWxVM3gzOWgvelhEcWpkQitiak1YM2x3cXY0M3djdGxhb0YKbC9iMkZmd05kdFR5Ci0tLS0tRU5EIENFUlRJRklDQVRFLS0tLS0K"
              }
            ],
            "cluster_id": null,
            "compute_config": [
              {
                "enabled": false,
                "node_pools": [],
                "node_role_arn": ""
              }
            ],
            "control_plane_scaling_config": [
              {
                "tier": "standard"
              }
            ],
            "created_at": "2025-11-28T08:45:41Z",
            "deletion_protection": false,
            "enabled_cluster_log_types": null,
            "encryption_config": [],
            "endpoint": "https://BDA474D02366CE89A225A24468F864C9.gr7.us-east-1.eks.amazonaws.com",
            "force_update_version": null,
            "id": "mykubernetes",
            "identity": [
              {
                "oidc": [
                  {
                    "issuer": "https://oidc.eks.us-east-1.amazonaws.com/id/BDA474D02366CE89A225A24468F864C9"
                  }
                ]
              }
            ],
            "kubernetes_network_config": [
              {
                "elastic_load_balancing": [
                  {
                    "enabled": false
                  }
                ],
                "ip_family": "ipv4",
                "service_ipv4_cidr": "10.100.0.0/16",
                "service_ipv6_cidr": ""
              }
            ],
            "name": "mykubernetes",
            "outpost_config": [],
            "platform_version": "eks.54",
            "region": "us-east-1",
            "remote_network_config": [],
            "role_arn": "arn:aws:iam::977200837998:role/LabRole",
            "status": "ACTIVE",
            "storage_config": [
              {
                "block_storage": [
                  {
                    "enabled": false
                  }
                ]
              }
            ],
            "tags": null,
            "tags_all": {},
            "timeouts": null,
            "upgrade_policy": [
              {
                "support_type": "EXTENDED"
              }
            ],
            "version": "1.30",
            "vpc_config": [
              {
                "cluster_security_group_id": "sg-0e821dc1eb11e36de",
                "endpoint_private_access": false,
                "endpoint_public_access": true,
                "public_access_cidrs": [
                  "0.0.0.0/0"
                ],
                "security_group_ids": [
                  "sg-0ed1f208b3071f72c"
                ],
                "subnet_ids": [
                  "subnet-0e7277e94f7bbaa6c",
                  "subnet-0f6c512fde412e7c1"
                ],
                "vpc_id": "vpc-020bf1d3d1dd428f8"
              }
            ],
            "zonal_shift_config": []
          },
          "sensitive_attributes": [],
          "identity_schema_version": 0,
          "private": "eyJlMmJmYjczMC1lY2FhLTExZTYtOGY4OC0zNDM2M2JjN2M0YzAiOnsiY3JlYXRlIjoxODAwMDAwMDAwMDAwLCJkZWxldGUiOjkwMDAwMDAwMDAwMCwidXBkYXRlIjozNjAwMDAwMDAwMDAwfSwic2NoZW1hX3ZlcnNpb24iOiIxIn0=",
          "dependencies": [
            "aws_security_group.eks_cluster_sg"
          ]
        }
      ]
    },
    {
      "mode": "managed",
      "type": "aws_eks_node_group",
      "name": "my_node_group",
      "provider": "provider[\"registry.terraform.io/hashicorp/aws\"]",
      "instances": [
        {
          "schema_version": 0,
          "attributes": {
            "ami_type": "AL2023_x86_64_STANDARD",
            "arn": "arn:aws:eks:us-east-1:977200837998:nodegroup/mykubernetes/noeud1/38cd64d5-3675-9038-b9fe-7bafc1f92a94",
            "capacity_type": "ON_DEMAND",
            "cluster_name": "mykubernetes",
            "disk_size": 20,
            "force_update_version": null,
            "id": "mykubernetes:noeud1",
            "instance_types": [
              "t3.medium"
            ],
            "labels": null,
            "launch_template": [],
            "node_group_name": "noeud1",
            "node_group_name_prefix": "",
            "node_repair_config": [],
            "node_role_arn": "arn:aws:iam::977200837998:role/LabRole",
            "region": "us-east-1",
            "release_version": "1.30.14-20251120",
            "remote_access": [],
            "resources": [
              {
                "autoscaling_groups": [
                  {
                    "name": "eks-noeud1-38cd64d5-3675-9038-b9fe-7bafc1f92a94"
                  }
                ],
                "remote_access_security_group_id": ""
              }
            ],
            "scaling_config": [
              {
                "desired_size": 2,
                "max_size": 3,
                "min_size": 1
              }
            ],
            "status": "ACTIVE",
            "subnet_ids": [
              "subnet-0e7277e94f7bbaa6c",
              "subnet-0f6c512fde412e7c1"
            ],
            "tags": null,
            "tags_all": {},
            "taint": [],
            "timeouts": null,
            "update_config": [
              {
                "max_unavailable": 1,
                "max_unavailable_percentage": 0
              }
            ],
            "version": "1.30"
          },
          "sensitive_attributes": [],
          "identity_schema_version": 0,
          "private": "eyJlMmJmYjczMC1lY2FhLTExZTYtOGY4OC0zNDM2M2JjN2M0YzAiOnsiY3JlYXRlIjozNjAwMDAwMDAwMDAwLCJkZWxldGUiOjM2MDAwMDAwMDAwMDAsInVwZGF0ZSI6MzYwMDAwMDAwMDAwMH19",
          "dependencies": [
            "aws_eks_cluster.my_cluster",
            "aws_security_group.eks_cluster_sg"
          ]
        }
      ]
    },
    {
      "mode": "managed",
      "type": "aws_security_group",
      "name": "eks_cluster_sg",
      "provider": "provider[\"registry.terraform.io/hashicorp/aws\"]",
      "instances": [
        {
          "schema_version": 1,
          "attributes": {
            "arn": "arn:aws:ec2:us-east-1:977200837998:security-group/sg-0ed1f208b3071f72c",
            "description": "Security group for EKS cluster mykubernetes",
            "egress": [
              {
                "cidr_blocks": [
                  "0.0.0.0/0"
                ],
                "description": "",
                "from_port": 0,
                "ipv6_cidr_blocks": [],
                "prefix_list_ids": [],
                "protocol": "-1",
                "security_groups": [],
                "self": false,
                "to_port": 0
              }
            ],
            "id": "sg-0ed1f208b3071f72c",
            "ingress": [
              {
                "cidr_blocks": [
                  "0.0.0.0/0"
                ],
                "description": "",
                "from_port": 30000,
                "ipv6_cidr_blocks": [],
                "prefix_list_ids": [],
                "protocol": "tcp",
                "security_groups": [],
                "self": false,
                "to_port": 30000
              },
              {
                "cidr_blocks": [
                  "0.0.0.0/0"
                ],
                "description": "",
                "from_port": 8083,
                "ipv6_cidr_blocks": [],
                "prefix_list_ids": [],
                "protocol": "tcp",
                "security_groups": [],
                "self": false,
                "to_port": 8083
              }
            ],
            "name": "eks-cluster-sg-mykubernetes",
            "name_prefix": "",
            "owner_id": "977200837998",
            "region": "us-east-1",
            "revoke_rules_on_delete": false,
            "tags": {
              "Name": "eks-cluster-sg-mykubernetes"
            },
            "tags_all": {
              "Name": "eks-cluster-sg-mykubernetes"
            },
            "timeouts": null,
            "vpc_id": "vpc-020bf1d3d1dd428f8"
          },
          "sensitive_attributes": [],
          "identity_schema_version": 0,
          "identity": {
            "account_id": "977200837998",
            "id": "sg-0ed1f208b3071f72c",
            "region": "us-east-1"
          },
          "private": "eyJlMmJmYjczMC1lY2FhLTExZTYtOGY4OC0zNDM2M2JjN2M0YzAiOnsiY3JlYXRlIjo2MDAwMDAwMDAwMDAsImRlbGV0ZSI6OTAwMDAwMDAwMDAwfSwic2NoZW1hX3ZlcnNpb24iOiIxIn0="
        }
      ]
    },
    {
      "mode": "managed",
      "type": "aws_security_group",
      "name": "eks_worker_sg",
      "provider": "provider[\"registry.terraform.io/hashicorp/aws\"]",
      "instances": [
        {
          "schema_version": 1,
          "attributes": {
            "arn": "arn:aws:ec2:us-east-1:977200837998:security-group/sg-0e5cefad1e62f9c19",
            "description": "Security group for EKS worker nodes mykubernetes",
            "egress": [
              {
                "cidr_blocks": [
                  "0.0.0.0/0"
                ],
                "description": "",
                "from_port": 0,
                "ipv6_cidr_blocks": [],
                "prefix_list_ids": [],
                "protocol": "-1",
                "security_groups": [],
                "self": false,
                "to_port": 0
              }
            ],
            "id": "sg-0e5cefad1e62f9c19",
            "ingress": [
              {
                "cidr_blocks": [
                  "0.0.0.0/0"
                ],
                "description": "",
                "from_port": 30000,
                "ipv6_cidr_blocks": [],
                "prefix_list_ids": [],
                "protocol": "tcp",
                "security_groups": [],
                "self": false,
                "to_port": 30000
              },
              {
                "cidr_blocks": [
                  "0.0.0.0/0"
                ],
                "description": "",
                "from_port": 8083,
                "ipv6_cidr_blocks": [],
                "prefix_list_ids": [],
                "protocol": "tcp",
                "security_groups": [],
                "self": false,
                "to_port": 8083
              }
            ],
            "name": "eks-worker-sg-mykubernetes",
            "name_prefix": "",
            "owner_id": "977200837998",
            "region": "us-east-1",
            "revoke_rules_on_delete": false,
            "tags": {
              "Name": "eks-worker-sg-mykubernetes"
            },
            "tags_all": {
              "Name": "eks-worker-sg-mykubernetes"
            },
            "timeouts": null,
            "vpc_id": "vpc-020bf1d3d1dd428f8"
          },
          "sensitive_attributes": [],
          "identity_schema_version": 0,
          "identity": {
            "account_id": "977200837998",
            "id": "sg-0e5cefad1e62f9c19",
            "region": "us-east-1"
          },
          "private": "eyJlMmJmYjczMC1lY2FhLTExZTYtOGY4OC0zNDM2M2JjN2M0YzAiOnsiY3JlYXRlIjo2MDAwMDAwMDAwMDAsImRlbGV0ZSI6OTAwMDAwMDAwMDAwfSwic2NoZW1hX3ZlcnNpb24iOiIxIn0="
        }
      ]
    },
    {
      "mode": "managed",
      "type": "aws_vpc",
      "name": "my_vpc",
      "provider": "provider[\"registry.terraform.io/hashicorp/aws\"]",
      "instances": [
        {
          "schema_version": 1,
          "attributes": {
            "arn": "arn:aws:ec2:us-east-1:977200837998:vpc/vpc-0f84647a5a23534fc",
            "assign_generated_ipv6_cidr_block": false,
            "cidr_block": "10.0.0.0/16",
            "default_network_acl_id": "acl-04e73324cf0b95a99",
            "default_route_table_id": "rtb-056a50afd9a69452a",
            "default_security_group_id": "sg-095c1469e758dafd0",
            "dhcp_options_id": "dopt-0df259255f465e1a5",
            "enable_dns_hostnames": false,
            "enable_dns_support": true,
            "enable_network_address_usage_metrics": false,
            "id": "vpc-0f84647a5a23534fc",
            "instance_tenancy": "default",
            "ipv4_ipam_pool_id": null,
            "ipv4_netmask_length": null,
            "ipv6_association_id": "",
            "ipv6_cidr_block": "",
            "ipv6_cidr_block_network_border_group": "",
            "ipv6_ipam_pool_id": "",
            "ipv6_netmask_length": 0,
            "main_route_table_id": "rtb-056a50afd9a69452a",
            "owner_id": "977200837998",
            "region": "us-east-1",
            "tags": null,
            "tags_all": {}
          },
          "sensitive_attributes": [],
          "identity_schema_version": 0,
          "identity": {
            "account_id": "977200837998",
            "id": "vpc-0f84647a5a23534fc",
            "region": "us-east-1"
          },
          "private": "eyJzY2hlbWFfdmVyc2lvbiI6IjEifQ=="
        }
      ]
    }
  ],
  "check_results": null
}
