{
  "version": 4,
  "terraform_version": "1.14.0",
  "serial": 9,
  "lineage": "54128b58-d328-37d1-8758-5a1590444a78",
  "outputs": {
    "cluster_endpoint": {
      "value": "https://9449C0595A4C8E1F6563ED4C81E01E7D.gr7.us-east-1.eks.amazonaws.com",
      "type": "string"
    },
    "cluster_name": {
      "value": "mykubernetes",
      "type": "string"
    },
    "cluster_role_arn": {
      "value": "arn:aws:iam::852972139078:role/LabRole",
      "type": "string"
    }
  },
  "resources": [
    {
      "mode": "managed",
      "type": "aws_eks_cluster",
      "name": "my_cluster",
      "provider": "provider[\"registry.terraform.io/hashicorp/aws\"]",
      "instances": [
        {
          "schema_version": 1,
          "attributes": {
            "access_config": [
              {
                "authentication_mode": "CONFIG_MAP",
                "bootstrap_cluster_creator_admin_permissions": true
              }
            ],
            "arn": "arn:aws:eks:us-east-1:852972139078:cluster/mykubernetes",
            "bootstrap_self_managed_addons": true,
            "certificate_authority": [
              {
                "data": "LS0tLS1CRUdJTiBDRVJUSUZJQ0FURS0tLS0tCk1JSURCVENDQWUyZ0F3SUJBZ0lJQ1JKM0I2NUVVbDR3RFFZSktvWklodmNOQVFFTEJRQXdGVEVUTUJFR0ExVUUKQXhNS2EzVmlaWEp1WlhSbGN6QWVGdzB5TlRFeE1qZ3dPRFUwTlRWYUZ3MHpOVEV4TWpZd09EVTVOVFZhTUJVeApFekFSQmdOVkJBTVRDbXQxWW1WeWJtVjBaWE13Z2dFaU1BMEdDU3FHU0liM0RRRUJBUVVBQTRJQkR3QXdnZ0VLCkFvSUJBUUNqYStJUW9ZM2ZFajkvMkNPWEFsZS9wcUNLUjJJOUZ3NDdlaUpLTUFLU1pNa3BtNFlpN042ZSszU1UKL0NFYkVkWDBURmRuemxVTTl3OE4zNW5NdUk5V244MzJTNUcxSEh1MGY3V0krN282eHlpOEZHQnIwNWdMd2FuNApibTc2aFcxWitYVm1iYy9LNWczbWwwTXlTU0xNYVNzYnhxT0o1YzBtdklNODdJSzJJazE1OG9zc1RURHFvVnVTCkZPZTVDKytkNUhOOENuaHVOZVAxVFZBeHNoTVZ2Y0xwZXpTTDNVY1M4ZWNBVHRsWGJManBDRWM2dXZHVkFDbEoKWWQwS21xTkpabWRzMXp4QWdLaXBYTTVDZ0ZPNG9NTnUyVThoVjdkL09UNVovMjVpWkltSVpHb1hrRVFMQTRIcgpTRElkeWxMazF0RkVzUytadGtXdXdQMWpYVFlMQWdNQkFBR2pXVEJYTUE0R0ExVWREd0VCL3dRRUF3SUNwREFQCkJnTlZIUk1CQWY4RUJUQURBUUgvTUIwR0ExVWREZ1FXQkJTWWdtU3YxbGJ6MHlYWGQwcUE2alNZcXdNM09EQVYKQmdOVkhSRUVEakFNZ2dwcmRXSmxjbTVsZEdWek1BMEdDU3FHU0liM0RRRUJDd1VBQTRJQkFRQTBnZS9NNnhyTwpEZGk0dDdaTHoxMEJmckk3MVNraHZndDBxZ21ObGpTSStvbEhTYTVZR2liTnB6VXhLWlFBZmpNNFhyYmY2ZDFiClV4clVRRDZ0bjMvbERFWmZGaVNvRzNkZ3FxdGFoU3pPTHQrNlArVG01Rnp6MjdWTXd2S1c5Kzc2RDFMTmNIMlcKdVR1QlR1WGVOamVZS0JCRkZpY1BvQ3hSOFN5ZmVucURkbEh1QjlxRVhVUDBneXhKQWloNm9NSjUxUjBHTUt6ZApOYXNPOHdabzZOK3RyT0ZIWDVOdXJsMTJmT0trOGdyUHhueXBBeGxQaktubE1FUldKMEdtYlpmM3lDRGszVFc1CnAxWXVUdEd1bE1vYk5xYkxiUm1IWlFZM05SK042WitCYmlBYmpURHBxam02bTNEU2lIK0ZTRXlJOHA5RE5xL2QKT3VhTm5WVVhnL2pSCi0tLS0tRU5EIENFUlRJRklDQVRFLS0tLS0K"
              }
            ],
            "cluster_id": null,
            "compute_config": [],
            "created_at": "2025-11-28T08:53:48Z",
            "enabled_cluster_log_types": null,
            "encryption_config": [],
            "endpoint": "https://9449C0595A4C8E1F6563ED4C81E01E7D.gr7.us-east-1.eks.amazonaws.com",
            "force_update_version": null,
            "id": "mykubernetes",
            "identity": [
              {
                "oidc": [
                  {
                    "issuer": "https://oidc.eks.us-east-1.amazonaws.com/id/9449C0595A4C8E1F6563ED4C81E01E7D"
                  }
                ]
              }
            ],
            "kubernetes_network_config": [
              {
                "elastic_load_balancing": [
                  {
                    "enabled": false
                  }
                ],
                "ip_family": "ipv4",
                "service_ipv4_cidr": "10.100.0.0/16",
                "service_ipv6_cidr": ""
              }
            ],
            "name": "mykubernetes",
            "outpost_config": [],
            "platform_version": "eks.54",
            "remote_network_config": [],
            "role_arn": "arn:aws:iam::852972139078:role/LabRole",
            "status": "ACTIVE",
            "storage_config": [],
            "tags": null,
            "tags_all": {},
            "timeouts": null,
            "upgrade_policy": [
              {
                "support_type": "EXTENDED"
              }
            ],
            "version": "1.30",
            "vpc_config": [
              {
                "cluster_security_group_id": "sg-0ccb59d1bd33e23d2",
                "endpoint_private_access": false,
                "endpoint_public_access": true,
                "public_access_cidrs": [
                  "0.0.0.0/0"
                ],
                "security_group_ids": [
                  "sg-0561ec1a19689d3ad"
                ],
                "subnet_ids": [
                  "subnet-0d819d5b6b4b23f82",
                  "subnet-0d9fd7de1ad5fbc81"
                ],
                "vpc_id": "vpc-0a759310647bd71cb"
              }
            ],
            "zonal_shift_config": []
          },
          "sensitive_attributes": [],
          "identity_schema_version": 0,
          "private": "eyJlMmJmYjczMC1lY2FhLTExZTYtOGY4OC0zNDM2M2JjN2M0YzAiOnsiY3JlYXRlIjoxODAwMDAwMDAwMDAwLCJkZWxldGUiOjkwMDAwMDAwMDAwMCwidXBkYXRlIjozNjAwMDAwMDAwMDAwfSwic2NoZW1hX3ZlcnNpb24iOiIxIn0=",
          "dependencies": [
            "aws_security_group.eks_cluster_sg"
          ]
        }
      ]
    },
    {
      "mode": "managed",
      "type": "aws_eks_node_group",
      "name": "my_node_group",
      "provider": "provider[\"registry.terraform.io/hashicorp/aws\"]",
      "instances": [
        {
          "schema_version": 0,
          "attributes": {
            "ami_type": "AL2023_x86_64_STANDARD",
            "arn": "arn:aws:eks:us-east-1:852972139078:nodegroup/mykubernetes/noeud1/38cd64d9-478c-d0f5-1395-8892d2f42fbe",
            "capacity_type": "ON_DEMAND",
            "cluster_name": "mykubernetes",
            "disk_size": 20,
            "force_update_version": null,
            "id": "mykubernetes:noeud1",
            "instance_types": [
              "t3.medium"
            ],
            "labels": null,
            "launch_template": [],
            "node_group_name": "noeud1",
            "node_group_name_prefix": "",
            "node_repair_config": [],
            "node_role_arn": "arn:aws:iam::852972139078:role/LabRole",
            "release_version": "1.30.14-20251120",
            "remote_access": [],
            "resources": [
              {
                "autoscaling_groups": [
                  {
                    "name": "eks-noeud1-38cd64d9-478c-d0f5-1395-8892d2f42fbe"
                  }
                ],
                "remote_access_security_group_id": ""
              }
            ],
            "scaling_config": [
              {
                "desired_size": 2,
                "max_size": 3,
                "min_size": 1
              }
            ],
            "status": "ACTIVE",
            "subnet_ids": [
              "subnet-0d819d5b6b4b23f82",
              "subnet-0d9fd7de1ad5fbc81"
            ],
            "tags": null,
            "tags_all": {},
            "taint": [],
            "timeouts": null,
            "update_config": [
              {
                "max_unavailable": 1,
                "max_unavailable_percentage": 0
              }
            ],
            "version": "1.30"
          },
          "sensitive_attributes": [],
          "identity_schema_version": 0,
          "private": "eyJlMmJmYjczMC1lY2FhLTExZTYtOGY4OC0zNDM2M2JjN2M0YzAiOnsiY3JlYXRlIjozNjAwMDAwMDAwMDAwLCJkZWxldGUiOjM2MDAwMDAwMDAwMDAsInVwZGF0ZSI6MzYwMDAwMDAwMDAwMH19",
          "dependencies": [
            "aws_eks_cluster.my_cluster",
            "aws_security_group.eks_cluster_sg"
          ]
        }
      ]
    },
    {
      "mode": "managed",
      "type": "aws_security_group",
      "name": "eks_cluster_sg",
      "provider": "provider[\"registry.terraform.io/hashicorp/aws\"]",
      "instances": [
        {
          "schema_version": 1,
          "attributes": {
            "arn": "arn:aws:ec2:us-east-1:852972139078:security-group/sg-0561ec1a19689d3ad",
            "description": "Security group for EKS cluster mykubernetes",
            "egress": [
              {
                "cidr_blocks": [
                  "0.0.0.0/0"
                ],
                "description": "",
                "from_port": 0,
                "ipv6_cidr_blocks": [],
                "prefix_list_ids": [],
                "protocol": "-1",
                "security_groups": [],
                "self": false,
                "to_port": 0
              }
            ],
            "id": "sg-0561ec1a19689d3ad",
            "ingress": [
              {
                "cidr_blocks": [
                  "0.0.0.0/0"
                ],
                "description": "",
                "from_port": 30000,
                "ipv6_cidr_blocks": [],
                "prefix_list_ids": [],
                "protocol": "tcp",
                "security_groups": [],
                "self": false,
                "to_port": 30000
              },
              {
                "cidr_blocks": [
                  "0.0.0.0/0"
                ],
                "description": "",
                "from_port": 8083,
                "ipv6_cidr_blocks": [],
                "prefix_list_ids": [],
                "protocol": "tcp",
                "security_groups": [],
                "self": false,
                "to_port": 8083
              }
            ],
            "name": "eks-cluster-sg-mykubernetes",
            "name_prefix": "",
            "owner_id": "852972139078",
            "revoke_rules_on_delete": false,
            "tags": {
              "Name": "eks-cluster-sg-mykubernetes"
            },
            "tags_all": {
              "Name": "eks-cluster-sg-mykubernetes"
            },
            "timeouts": null,
            "vpc_id": "vpc-0a759310647bd71cb"
          },
          "sensitive_attributes": [],
          "identity_schema_version": 0,
          "private": "eyJlMmJmYjczMC1lY2FhLTExZTYtOGY4OC0zNDM2M2JjN2M0YzAiOnsiY3JlYXRlIjo2MDAwMDAwMDAwMDAsImRlbGV0ZSI6OTAwMDAwMDAwMDAwfSwic2NoZW1hX3ZlcnNpb24iOiIxIn0="
        }
      ]
    },
    {
      "mode": "managed",
      "type": "aws_security_group",
      "name": "eks_worker_sg",
      "provider": "provider[\"registry.terraform.io/hashicorp/aws\"]",
      "instances": [
        {
          "schema_version": 1,
          "attributes": {
            "arn": "arn:aws:ec2:us-east-1:852972139078:security-group/sg-0429b0adeaa25b67f",
            "description": "Security group for EKS worker nodes mykubernetes",
            "egress": [
              {
                "cidr_blocks": [
                  "0.0.0.0/0"
                ],
                "description": "",
                "from_port": 0,
                "ipv6_cidr_blocks": [],
                "prefix_list_ids": [],
                "protocol": "-1",
                "security_groups": [],
                "self": false,
                "to_port": 0
              }
            ],
            "id": "sg-0429b0adeaa25b67f",
            "ingress": [
              {
                "cidr_blocks": [
                  "0.0.0.0/0"
                ],
                "description": "",
                "from_port": 30000,
                "ipv6_cidr_blocks": [],
                "prefix_list_ids": [],
                "protocol": "tcp",
                "security_groups": [],
                "self": false,
                "to_port": 30000
              },
              {
                "cidr_blocks": [
                  "0.0.0.0/0"
                ],
                "description": "",
                "from_port": 8083,
                "ipv6_cidr_blocks": [],
                "prefix_list_ids": [],
                "protocol": "tcp",
                "security_groups": [],
                "self": false,
                "to_port": 8083
              }
            ],
            "name": "eks-worker-sg-mykubernetes",
            "name_prefix": "",
            "owner_id": "852972139078",
            "revoke_rules_on_delete": false,
            "tags": {
              "Name": "eks-worker-sg-mykubernetes"
            },
            "tags_all": {
              "Name": "eks-worker-sg-mykubernetes"
            },
            "timeouts": null,
            "vpc_id": "vpc-0a759310647bd71cb"
          },
          "sensitive_attributes": [],
          "identity_schema_version": 0,
          "private": "eyJlMmJmYjczMC1lY2FhLTExZTYtOGY4OC0zNDM2M2JjN2M0YzAiOnsiY3JlYXRlIjo2MDAwMDAwMDAwMDAsImRlbGV0ZSI6OTAwMDAwMDAwMDAwfSwic2NoZW1hX3ZlcnNpb24iOiIxIn0="
        }
      ]
    },
    {
      "mode": "managed",
      "type": "aws_vpc",
      "name": "my_vpc",
      "provider": "provider[\"registry.terraform.io/hashicorp/aws\"]",
      "instances": [
        {
          "schema_version": 1,
          "attributes": {
            "arn": "arn:aws:ec2:us-east-1:852972139078:vpc/vpc-0dbcb1ae3c8745a27",
            "assign_generated_ipv6_cidr_block": false,
            "cidr_block": "10.0.0.0/16",
            "default_network_acl_id": "acl-051e3de9605d0c3ca",
            "default_route_table_id": "rtb-048b55c7696ce3f90",
            "default_security_group_id": "sg-0bf119fd06a777189",
            "dhcp_options_id": "dopt-00358b4db7e62bcf8",
            "enable_dns_hostnames": false,
            "enable_dns_support": true,
            "enable_network_address_usage_metrics": false,
            "id": "vpc-0dbcb1ae3c8745a27",
            "instance_tenancy": "default",
            "ipv4_ipam_pool_id": null,
            "ipv4_netmask_length": null,
            "ipv6_association_id": "",
            "ipv6_cidr_block": "",
            "ipv6_cidr_block_network_border_group": "",
            "ipv6_ipam_pool_id": "",
            "ipv6_netmask_length": 0,
            "main_route_table_id": "rtb-048b55c7696ce3f90",
            "owner_id": "852972139078",
            "tags": null,
            "tags_all": {}
          },
          "sensitive_attributes": [],
          "identity_schema_version": 0,
          "private": "eyJzY2hlbWFfdmVyc2lvbiI6IjEifQ=="
        }
      ]
    }
  ],
  "check_results": null
}
